{"1.2.0",
[{<<"msgpack">>,
  {git,"https://github.com/msgpack/msgpack-erlang",
       {ref,"6b544de60723839244866b109d6a79c7caca6bc9"}},
  0},
 {<<"otpbp">>,{pkg,<<"otpbp">>,<<"6.9.2">>},0}]}.
[
{pkg_hash,[
 {<<"otpbp">>, <<"25E1DAE708C26667B82E44ED58F2EBDB599641C8F7EFA6E69A6635AA6661AEE0">>}]},
{pkg_hash_ext,[
 {<<"otpbp">>, <<"D49DB1377538ECB58E3949D2C91B507F38EB81EA14E10C13C02DFFBC51CBCDE3">>}]}
].
